
Microsoft Visual Studio Solution File, Format Version 12.00
# Visual Studio Version 16
VisualStudioVersion = 16.0.30907.101
MinimumVisualStudioVersion = 10.0.40219.1
Project("{FAE04EC0-301F-11D3-BF4B-00C04F79EFBC}") = "Proje2", "Proje2\Proje2.csproj", "{7F035F27-C65C-451B-8EF8-61C2045302B6}"
EndProject
Global
	GlobalSection(SolutionConfigurationPlatforms) = preSolution
		Debug|Any CPU = Debug|Any CPU
		Release|Any CPU = Release|Any CPU
	EndGlobalSection
	GlobalSection(ProjectConfigurationPlatforms) = postSolution
		{7F035F27-C65C-451B-8EF8-61C2045302B6}.Debug|Any CPU.ActiveCfg = Debug|Any CPU
		{7F035F27-C65C-451B-8EF8-61C2045302B6}.Debug|Any CPU.Build.0 = Debug|Any CPU
		{7F035F27-C65C-451B-8EF8-61C2045302B6}.Release|Any CPU.ActiveCfg = Release|Any CPU
		{7F035F27-C65C-451B-8EF8-61C2045302B6}.Release|Any CPU.Build.0 = Release|Any CPU
	EndGlobalSection
	GlobalSection(SolutionProperties) = preSolution
		HideSolutionNode = FALSE
	EndGlobalSection
	GlobalSection(ExtensibilityGlobals) = postSolution
		SolutionGuid = {4F5C0F63-9BA1-465E-B0DF-D305F79B7CDB}
	EndGlobalSection
EndGlobal
